{
  "version": 4,
  "terraform_version": "0.13.5",
  "serial": 106,
  "lineage": "67c08f9c-88a9-dc2d-e8c3-315ec12d8b94",
  "outputs": {
    "config_map_aws_auth": {
      "value": "\r\n\r\napiVersion: v1\r\nkind: ConfigMap\r\nmetadata:\r\n  name: aws-auth\r\n  namespace: kube-system\r\ndata:\r\n  mapRoles: |\r\n    - rolearn: arn:aws:iam::715146130151:role/terraform-eks-demo-node\r\n      username: system:node:{{EC2PrivateDNSName}}\r\n      groups:\r\n        - system:bootstrappers\r\n        - system:nodes\r\n",
      "type": "string"
    },
    "ingress_controller": {
      "value": "# Application Load Balancer (ALB) Ingress Controller Deployment Manifest.\r\n# This manifest details sensible defaults for deploying an ALB Ingress Controller.\r\n# GitHub: https://github.com/kubernetes-sigs/aws-alb-ingress-controller\r\napiVersion: apps/v1\r\nkind: Deployment\r\nmetadata:\r\n  labels:\r\n    app: alb-ingress-controller\r\n  name: alb-ingress-controller\r\n  # Namespace the ALB Ingress Controller should run in. Does not impact which\r\n  # namespaces it's able to resolve ingress resource for. For limiting ingress\r\n  # namespace scope, see --watch-namespace.\r\n  namespace: kube-system\r\nspec:\r\n  replicas: 1\r\n  selector:\r\n    matchLabels:\r\n      app: alb-ingress-controller\r\n  strategy:\r\n    rollingUpdate:\r\n      maxSurge: 1\r\n      maxUnavailable: 1\r\n    type: RollingUpdate\r\n  template:\r\n    metadata:\r\n      creationTimestamp: null\r\n      labels:\r\n        app: alb-ingress-controller\r\n    spec:\r\n      containers:\r\n        - args:\r\n            # Limit the namespace where this ALB Ingress Controller deployment will\r\n            # resolve ingress resources. If left commented, all namespaces are used.\r\n            # - --watch-namespace=your-k8s-namespace\r\n\r\n            # Setting the ingress-class flag below ensures that only ingress resources with the\r\n            # annotation kubernetes.io/ingress.class: \"alb\" are respected by the controller. You may\r\n            # choose any class you'd like for this controller to respect.\r\n            - --ingress-class=alb\r\n\r\n            # Name of your cluster. Used when naming resources created\r\n            # by the ALB Ingress Controller, providing distinction between\r\n            # clusters.\r\n            - --cluster-name=eks-terraform\r\n\r\n            # AWS VPC ID this ingress controller will use to create AWS resources.\r\n            # If unspecified, it will be discovered from ec2metadata.\r\n            # - --aws-vpc-id=vpc-0c915313037b9ee6c\r\n\r\n            # AWS region this ingress controller will operate in. \r\n            # If unspecified, it will be discovered from ec2metadata.\r\n            # List of regions: http://docs.aws.amazon.com/general/latest/gr/rande.html#vpc_region\r\n            # - --aws-region=us-west-1\r\n\r\n            # Enables logging on all outbound requests sent to the AWS API.\r\n            # If logging is desired, set to true.\r\n            # - ---aws-api-debug\r\n            # Maximum number of times to retry the aws calls.\r\n            # defaults to 10.\r\n            # - --aws-max-retries=10\r\n          env:\r\n            # AWS key id for authenticating with the AWS API.\r\n            # This is only here for examples. It's recommended you instead use\r\n            # a project like kube2iam for granting access.\r\n            #- name: AWS_ACCESS_KEY_ID\r\n            #  value: KEYVALUE\r\n            \r\n            # AWS key secret for authenticating with the AWS API.\r\n            # This is only here for examples. It's recommended you instead use\r\n            # a project like kube2iam for granting access.\r\n            #- name: AWS_SECRET_ACCESS_KEY\r\n            #  value: SECRETVALUE\r\n          # Repository location of the ALB Ingress Controller.\r\n          image: docker.io/amazon/aws-alb-ingress-controller:v1.1.6\r\n          imagePullPolicy: Always\r\n          name: server\r\n          resources: {}\r\n          terminationMessagePath: /dev/termination-log\r\n      dnsPolicy: ClusterFirst\r\n      restartPolicy: Always\r\n      securityContext: {}\r\n      terminationGracePeriodSeconds: 30\r\n      serviceAccountName: alb-ingress-controller\r\n      serviceAccount: alb-ingress-controller\r\n",
      "type": "string"
    },
    "kubeconfig": {
      "value": "\r\n\r\napiVersion: v1\r\nclusters:\r\n- cluster:\r\n    server: https://5B7B48659FFC0D39102FF4056E96C529.gr7.us-east-1.eks.amazonaws.com\r\n    certificate-authority-data: LS0tLS1CRUdJTiBDRVJUSUZJQ0FURS0tLS0tCk1JSUM1ekNDQWMrZ0F3SUJBZ0lCQURBTkJna3Foa2lHOXcwQkFRc0ZBREFWTVJNd0VRWURWUVFERXdwcmRXSmwKY201bGRHVnpNQjRYRFRJeE1EVXhPREV3TVRjd01Gb1hEVE14TURVeE5qRXdNVGN3TUZvd0ZURVRNQkVHQTFVRQpBeE1LYTNWaVpYSnVaWFJsY3pDQ0FTSXdEUVlKS29aSWh2Y05BUUVCQlFBRGdnRVBBRENDQVFvQ2dnRUJBTUxFClJHRU5LOU1MSTlBRjB2RW96QUNTOWI4bWNibWlJcGtLZWRmK0pkbldhV3IrYUJJaTZrV2xWWEtwSkpGbGhoRjAKdExHRjBrbFBLNkJuS1QxOFluVkROeTRqdkNza2ljWSs5bUtFM0FKOTMrd0ZWWEpyK3l6Z3REVVRrYmxNQ20wKwpVWXVlUGo0emp3YVZaZlB0bEk3NHM2TzdoRm9vaDY1NEtQcnQ3Zjc2NWE0SXZSWWZDaGM4ZVh1RW9tUWRnMlQ3CnB0SEZjcnBqMGhvL09FeEZMV1JBNzl3Z25SbkF1ZTNBa3lCWktwV05GVXBCY1NoSEtwOGhERmpWSWVneGI5YVoKSUpPekpHZXpCWjlZNDdPcUJtWTdJc0pQR2hJM0h6bFliVzZUKzZKV3c4NmQvVXVTUzFnNEtRWlhucmQxMWVVQQo2b3RvN0xNOHA1YmV0Zi9Zcm1zQ0F3RUFBYU5DTUVBd0RnWURWUjBQQVFIL0JBUURBZ0trTUE4R0ExVWRFd0VCCi93UUZNQU1CQWY4d0hRWURWUjBPQkJZRUZOSVZNWWVSNHNJMUx0bXhDblFyZTV5ZEx1NmFNQTBHQ1NxR1NJYjMKRFFFQkN3VUFBNElCQVFDS0phRU5UaVltUGZlOVFvT0xpMWNkTCtpVjM0R2FlQlpnb21mZmlZbGFza3V3L3RONQo0OGNBNE5kMTdHUFhoemR6blB5TFkrTU9GdFNtR1RPNGtocFdXbE5vM1grb3ZuV2J2V1BvYjJuQWlmZVBRUnZLCmZON0duUFBQYzd6T0hsMkRkUE1hMVRUMGxaYjBUdU9hSHhKQkJFMDV0NTZhS2phclZsUGlmSFliNkMxS1QwR0EKV0dFMGtJMHB6ejVObTVOc0F6aXBzK1JnQVkzSW1ZY3MyZ1JFcjhVTWpMbnorK2lSVXRNTHllbUJPMnJzRzM3MApmOGJhOGlDbkdDVEh6UksvRVVxTUJ3d0JhS3hSZWttQVZnVWZjLzVydTdTQWUxMmMzWTR4cXFsZmlteWx3bDBtCmFDVWVyVVhZTTdLTk1jUUpIZ3d4cGhiQldtME5CS2Z1d0ZQSgotLS0tLUVORCBDRVJUSUZJQ0FURS0tLS0tCg==\r\n  name: kubernetes\r\ncontexts:\r\n- context:\r\n    cluster: kubernetes\r\n    user: aws\r\n  name: aws\r\ncurrent-context: aws\r\nkind: Config\r\npreferences: {}\r\nusers:\r\n- name: aws\r\n  user:\r\n    exec:\r\n      apiVersion: client.authentication.k8s.io/v1alpha1\r\n      command: aws-iam-authenticator\r\n      args:\r\n        - \"token\"\r\n        - \"-i\"\r\n        - \"eks-terraform\"\r\n",
      "type": "string"
    }
  },
  "resources": [
    {
      "mode": "data",
      "type": "aws_availability_zones",
      "name": "available",
      "provider": "provider[\"registry.terraform.io/hashicorp/aws\"]",
      "instances": [
        {
          "schema_version": 0,
          "attributes": {
            "all_availability_zones": null,
            "exclude_names": null,
            "exclude_zone_ids": null,
            "filter": null,
            "group_names": [
              "us-east-1"
            ],
            "id": "us-east-1",
            "names": [
              "us-east-1a",
              "us-east-1b",
              "us-east-1c",
              "us-east-1d",
              "us-east-1e",
              "us-east-1f"
            ],
            "state": null,
            "zone_ids": [
              "use1-az6",
              "use1-az1",
              "use1-az2",
              "use1-az4",
              "use1-az3",
              "use1-az5"
            ]
          }
        }
      ]
    },
    {
      "mode": "data",
      "type": "aws_region",
      "name": "current",
      "provider": "provider[\"registry.terraform.io/hashicorp/aws\"]",
      "instances": [
        {
          "schema_version": 0,
          "attributes": {
            "description": "US East (N. Virginia)",
            "endpoint": "ec2.us-east-1.amazonaws.com",
            "id": "us-east-1",
            "name": "us-east-1"
          }
        }
      ]
    },
    {
      "mode": "managed",
      "type": "aws_eks_cluster",
      "name": "demo",
      "provider": "provider[\"registry.terraform.io/hashicorp/aws\"]",
      "instances": [
        {
          "schema_version": 0,
          "attributes": {
            "arn": "arn:aws:eks:us-east-1:715146130151:cluster/eks-terraform",
            "certificate_authority": [
              {
                "data": "LS0tLS1CRUdJTiBDRVJUSUZJQ0FURS0tLS0tCk1JSUM1ekNDQWMrZ0F3SUJBZ0lCQURBTkJna3Foa2lHOXcwQkFRc0ZBREFWTVJNd0VRWURWUVFERXdwcmRXSmwKY201bGRHVnpNQjRYRFRJeE1EVXhPREV3TVRjd01Gb1hEVE14TURVeE5qRXdNVGN3TUZvd0ZURVRNQkVHQTFVRQpBeE1LYTNWaVpYSnVaWFJsY3pDQ0FTSXdEUVlKS29aSWh2Y05BUUVCQlFBRGdnRVBBRENDQVFvQ2dnRUJBTUxFClJHRU5LOU1MSTlBRjB2RW96QUNTOWI4bWNibWlJcGtLZWRmK0pkbldhV3IrYUJJaTZrV2xWWEtwSkpGbGhoRjAKdExHRjBrbFBLNkJuS1QxOFluVkROeTRqdkNza2ljWSs5bUtFM0FKOTMrd0ZWWEpyK3l6Z3REVVRrYmxNQ20wKwpVWXVlUGo0emp3YVZaZlB0bEk3NHM2TzdoRm9vaDY1NEtQcnQ3Zjc2NWE0SXZSWWZDaGM4ZVh1RW9tUWRnMlQ3CnB0SEZjcnBqMGhvL09FeEZMV1JBNzl3Z25SbkF1ZTNBa3lCWktwV05GVXBCY1NoSEtwOGhERmpWSWVneGI5YVoKSUpPekpHZXpCWjlZNDdPcUJtWTdJc0pQR2hJM0h6bFliVzZUKzZKV3c4NmQvVXVTUzFnNEtRWlhucmQxMWVVQQo2b3RvN0xNOHA1YmV0Zi9Zcm1zQ0F3RUFBYU5DTUVBd0RnWURWUjBQQVFIL0JBUURBZ0trTUE4R0ExVWRFd0VCCi93UUZNQU1CQWY4d0hRWURWUjBPQkJZRUZOSVZNWWVSNHNJMUx0bXhDblFyZTV5ZEx1NmFNQTBHQ1NxR1NJYjMKRFFFQkN3VUFBNElCQVFDS0phRU5UaVltUGZlOVFvT0xpMWNkTCtpVjM0R2FlQlpnb21mZmlZbGFza3V3L3RONQo0OGNBNE5kMTdHUFhoemR6blB5TFkrTU9GdFNtR1RPNGtocFdXbE5vM1grb3ZuV2J2V1BvYjJuQWlmZVBRUnZLCmZON0duUFBQYzd6T0hsMkRkUE1hMVRUMGxaYjBUdU9hSHhKQkJFMDV0NTZhS2phclZsUGlmSFliNkMxS1QwR0EKV0dFMGtJMHB6ejVObTVOc0F6aXBzK1JnQVkzSW1ZY3MyZ1JFcjhVTWpMbnorK2lSVXRNTHllbUJPMnJzRzM3MApmOGJhOGlDbkdDVEh6UksvRVVxTUJ3d0JhS3hSZWttQVZnVWZjLzVydTdTQWUxMmMzWTR4cXFsZmlteWx3bDBtCmFDVWVyVVhZTTdLTk1jUUpIZ3d4cGhiQldtME5CS2Z1d0ZQSgotLS0tLUVORCBDRVJUSUZJQ0FURS0tLS0tCg=="
              }
            ],
            "created_at": "2021-05-18 10:10:27.946 +0000 UTC",
            "enabled_cluster_log_types": null,
            "encryption_config": [],
            "endpoint": "https://5B7B48659FFC0D39102FF4056E96C529.gr7.us-east-1.eks.amazonaws.com",
            "id": "eks-terraform",
            "identity": [
              {
                "oidc": [
                  {
                    "issuer": "https://oidc.eks.us-east-1.amazonaws.com/id/5B7B48659FFC0D39102FF4056E96C529"
                  }
                ]
              }
            ],
            "kubernetes_network_config": [
              {
                "service_ipv4_cidr": "172.20.0.0/16"
              }
            ],
            "name": "eks-terraform",
            "platform_version": "eks.4",
            "role_arn": "arn:aws:iam::715146130151:role/terraform-eks-demo-cluster",
            "status": "ACTIVE",
            "tags": {
              "Environment": "Dev",
              "Name": "terraform-eks-cluster-eks-terraform",
              "Owner": "GaneshM",
              "Purpose": "HealthcareAPI Platform"
            },
            "tags_all": {
              "Environment": "Dev",
              "Name": "terraform-eks-cluster-eks-terraform",
              "Owner": "GaneshM",
              "Purpose": "HealthcareAPI Platform"
            },
            "timeouts": null,
            "version": "1.19",
            "vpc_config": [
              {
                "cluster_security_group_id": "sg-0fe5d29eb81b2d14a",
                "endpoint_private_access": false,
                "endpoint_public_access": true,
                "public_access_cidrs": [
                  "0.0.0.0/0"
                ],
                "security_group_ids": [
                  "sg-0c1cde469225fb20b"
                ],
                "subnet_ids": [
                  "subnet-09e7b8361edf5442a",
                  "subnet-0f973dcc9d37afca1"
                ],
                "vpc_id": "vpc-0c915313037b9ee6c"
              }
            ]
          },
          "private": "eyJlMmJmYjczMC1lY2FhLTExZTYtOGY4OC0zNDM2M2JjN2M0YzAiOnsiY3JlYXRlIjoxODAwMDAwMDAwMDAwLCJkZWxldGUiOjkwMDAwMDAwMDAwMCwidXBkYXRlIjozNjAwMDAwMDAwMDAwfX0=",
          "dependencies": [
            "aws_iam_role.demo-cluster",
            "aws_iam_role_policy_attachment.demo-cluster-AmazonEKSClusterPolicy",
            "aws_iam_role_policy_attachment.demo-cluster-AmazonEKSServicePolicy",
            "aws_security_group.demo-cluster",
            "aws_subnet.demo",
            "aws_vpc.demo"
          ]
        }
      ]
    },
    {
      "mode": "managed",
      "type": "aws_eks_node_group",
      "name": "demo",
      "provider": "provider[\"registry.terraform.io/hashicorp/aws\"]",
      "instances": [
        {
          "schema_version": 0,
          "attributes": {
            "ami_type": "AL2_x86_64",
            "arn": "arn:aws:eks:us-east-1:715146130151:nodegroup/eks-terraform/eks-terraform-node-group/ccbcbf7f-07b4-b5b0-fa84-55877261ce4a",
            "capacity_type": "ON_DEMAND",
            "cluster_name": "eks-terraform",
            "disk_size": 20,
            "force_update_version": null,
            "id": "eks-terraform:eks-terraform-node-group",
            "instance_types": [
              "t2.xlarge"
            ],
            "labels": null,
            "launch_template": [],
            "node_group_name": "eks-terraform-node-group",
            "node_role_arn": "arn:aws:iam::715146130151:role/terraform-eks-demo-node",
            "release_version": "1.19.6-20210512",
            "remote_access": [],
            "resources": [
              {
                "autoscaling_groups": [
                  {
                    "name": "eks-ccbcbf7f-07b4-b5b0-fa84-55877261ce4a"
                  }
                ],
                "remote_access_security_group_id": ""
              }
            ],
            "scaling_config": [
              {
                "desired_size": 1,
                "max_size": 1,
                "min_size": 1
              }
            ],
            "status": "ACTIVE",
            "subnet_ids": [
              "subnet-09e7b8361edf5442a",
              "subnet-0f973dcc9d37afca1"
            ],
            "tags": {
              "Environment": "Dev",
              "Name": "terraform-eks-cluster-eks-terraform-node-group",
              "Owner": "GaneshM",
              "Purpose": "HealthcareAPI Platform"
            },
            "tags_all": {
              "Environment": "Dev",
              "Name": "terraform-eks-cluster-eks-terraform-node-group",
              "Owner": "GaneshM",
              "Purpose": "HealthcareAPI Platform"
            },
            "timeouts": null,
            "version": "1.19"
          },
          "private": "eyJlMmJmYjczMC1lY2FhLTExZTYtOGY4OC0zNDM2M2JjN2M0YzAiOnsiY3JlYXRlIjozNjAwMDAwMDAwMDAwLCJkZWxldGUiOjM2MDAwMDAwMDAwMDAsInVwZGF0ZSI6MzYwMDAwMDAwMDAwMH19",
          "dependencies": [
            "aws_eks_cluster.demo",
            "aws_iam_role.demo-cluster",
            "aws_iam_role.demo-node",
            "aws_iam_role_policy_attachment.demo-cluster-AmazonEKSClusterPolicy",
            "aws_iam_role_policy_attachment.demo-cluster-AmazonEKSServicePolicy",
            "aws_iam_role_policy_attachment.demo-node-AmazonEC2ContainerRegistryReadOnly",
            "aws_iam_role_policy_attachment.demo-node-AmazonEKSWorkerNodePolicy",
            "aws_iam_role_policy_attachment.demo-node-AmazonEKS_CNI_Policy",
            "aws_security_group.demo-cluster",
            "aws_subnet.demo",
            "aws_vpc.demo"
          ]
        }
      ]
    },
    {
      "mode": "managed",
      "type": "aws_iam_policy",
      "name": "policy",
      "provider": "provider[\"registry.terraform.io/hashicorp/aws\"]",
      "instances": [
        {
          "schema_version": 0,
          "attributes": {
            "arn": "arn:aws:iam::715146130151:policy/ALBIngressControllerIAMPolicy",
            "description": "IAM policy to allow ingress controller to perform necessary task",
            "id": "arn:aws:iam::715146130151:policy/ALBIngressControllerIAMPolicy",
            "name": "ALBIngressControllerIAMPolicy",
            "name_prefix": null,
            "path": "/",
            "policy": "{\r\n  \"Version\": \"2012-10-17\",\r\n  \"Statement\": [\r\n    {\r\n      \"Effect\": \"Allow\",\r\n      \"Action\": [\r\n        \"acm:DescribeCertificate\",\r\n        \"acm:ListCertificates\",\r\n        \"acm:GetCertificate\"\r\n      ],\r\n      \"Resource\": \"*\"\r\n    },\r\n    {\r\n      \"Effect\": \"Allow\",\r\n      \"Action\": [\r\n        \"ec2:AuthorizeSecurityGroupIngress\",\r\n        \"ec2:CreateSecurityGroup\",\r\n        \"ec2:CreateTags\",\r\n        \"ec2:DeleteTags\",\r\n        \"ec2:DeleteSecurityGroup\",\r\n        \"ec2:DescribeAccountAttributes\",\r\n        \"ec2:DescribeAddresses\",\r\n        \"ec2:DescribeInstances\",\r\n        \"ec2:DescribeInstanceStatus\",\r\n        \"ec2:DescribeInternetGateways\",\r\n        \"ec2:DescribeNetworkInterfaces\",\r\n        \"ec2:DescribeSecurityGroups\",\r\n        \"ec2:DescribeSubnets\",\r\n        \"ec2:DescribeTags\",\r\n        \"ec2:DescribeVpcs\",\r\n        \"ec2:ModifyInstanceAttribute\",\r\n        \"ec2:ModifyNetworkInterfaceAttribute\",\r\n        \"ec2:RevokeSecurityGroupIngress\"\r\n      ],\r\n      \"Resource\": \"*\"\r\n    },\r\n    {\r\n      \"Effect\": \"Allow\",\r\n      \"Action\": [\r\n        \"elasticloadbalancing:AddListenerCertificates\",\r\n        \"elasticloadbalancing:AddTags\",\r\n        \"elasticloadbalancing:CreateListener\",\r\n        \"elasticloadbalancing:CreateLoadBalancer\",\r\n        \"elasticloadbalancing:CreateRule\",\r\n        \"elasticloadbalancing:CreateTargetGroup\",\r\n        \"elasticloadbalancing:DeleteListener\",\r\n        \"elasticloadbalancing:DeleteLoadBalancer\",\r\n        \"elasticloadbalancing:DeleteRule\",\r\n        \"elasticloadbalancing:DeleteTargetGroup\",\r\n        \"elasticloadbalancing:DeregisterTargets\",\r\n        \"elasticloadbalancing:DescribeListenerCertificates\",\r\n        \"elasticloadbalancing:DescribeListeners\",\r\n        \"elasticloadbalancing:DescribeLoadBalancers\",\r\n        \"elasticloadbalancing:DescribeLoadBalancerAttributes\",\r\n        \"elasticloadbalancing:DescribeRules\",\r\n        \"elasticloadbalancing:DescribeSSLPolicies\",\r\n        \"elasticloadbalancing:DescribeTags\",\r\n        \"elasticloadbalancing:DescribeTargetGroups\",\r\n        \"elasticloadbalancing:DescribeTargetGroupAttributes\",\r\n        \"elasticloadbalancing:DescribeTargetHealth\",\r\n        \"elasticloadbalancing:ModifyListener\",\r\n        \"elasticloadbalancing:ModifyLoadBalancerAttributes\",\r\n        \"elasticloadbalancing:ModifyRule\",\r\n        \"elasticloadbalancing:ModifyTargetGroup\",\r\n        \"elasticloadbalancing:ModifyTargetGroupAttributes\",\r\n        \"elasticloadbalancing:RegisterTargets\",\r\n        \"elasticloadbalancing:RemoveListenerCertificates\",\r\n        \"elasticloadbalancing:RemoveTags\",\r\n        \"elasticloadbalancing:SetIpAddressType\",\r\n        \"elasticloadbalancing:SetSecurityGroups\",\r\n        \"elasticloadbalancing:SetSubnets\",\r\n        \"elasticloadbalancing:SetWebACL\"\r\n      ],\r\n      \"Resource\": \"*\"\r\n    },\r\n    {\r\n      \"Effect\": \"Allow\",\r\n      \"Action\": [\r\n        \"iam:CreateServiceLinkedRole\",\r\n        \"iam:GetServerCertificate\",\r\n        \"iam:ListServerCertificates\"\r\n      ],\r\n      \"Resource\": \"*\"\r\n    },\r\n    {\r\n      \"Effect\": \"Allow\",\r\n      \"Action\": [\r\n        \"cognito-idp:DescribeUserPoolClient\"\r\n      ],\r\n      \"Resource\": \"*\"\r\n    },\r\n    {\r\n      \"Effect\": \"Allow\",\r\n      \"Action\": [\r\n        \"waf-regional:GetWebACLForResource\",\r\n        \"waf-regional:GetWebACL\",\r\n        \"waf-regional:AssociateWebACL\",\r\n        \"waf-regional:DisassociateWebACL\"\r\n      ],\r\n      \"Resource\": \"*\"\r\n    },\r\n    {\r\n      \"Effect\": \"Allow\",\r\n      \"Action\": [\r\n        \"tag:GetResources\",\r\n        \"tag:TagResources\"\r\n      ],\r\n      \"Resource\": \"*\"\r\n    },\r\n    {\r\n      \"Effect\": \"Allow\",\r\n      \"Action\": [\r\n        \"waf:GetWebACL\"\r\n      ],\r\n      \"Resource\": \"*\"\r\n    }\r\n  ]\r\n}\r\n",
            "policy_id": "ANPA2NAQH6LTQ7EF26V7B",
            "tags": null,
            "tags_all": {}
          },
          "private": "bnVsbA=="
        }
      ]
    },
    {
      "mode": "managed",
      "type": "aws_iam_role",
      "name": "demo-cluster",
      "provider": "provider[\"registry.terraform.io/hashicorp/aws\"]",
      "instances": [
        {
          "schema_version": 0,
          "attributes": {
            "arn": "arn:aws:iam::715146130151:role/terraform-eks-demo-cluster",
            "assume_role_policy": "{\"Version\":\"2012-10-17\",\"Statement\":[{\"Effect\":\"Allow\",\"Principal\":{\"Service\":\"eks.amazonaws.com\"},\"Action\":\"sts:AssumeRole\"}]}",
            "create_date": "2021-05-18T10:10:16Z",
            "description": "",
            "force_detach_policies": false,
            "id": "terraform-eks-demo-cluster",
            "inline_policy": [
              {
                "name": "",
                "policy": ""
              }
            ],
            "managed_policy_arns": [],
            "max_session_duration": 3600,
            "name": "terraform-eks-demo-cluster",
            "name_prefix": null,
            "path": "/",
            "permissions_boundary": null,
            "tags": {
              "Environment": "Dev",
              "Name": "terraform-eks-cluster-role",
              "Owner": "GaneshM",
              "Purpose": "HealthcareAPI Platform"
            },
            "tags_all": {
              "Environment": "Dev",
              "Name": "terraform-eks-cluster-role",
              "Owner": "GaneshM",
              "Purpose": "HealthcareAPI Platform"
            },
            "unique_id": "AROA2NAQH6LTUWZESPPOJ"
          },
          "private": "bnVsbA=="
        }
      ]
    },
    {
      "mode": "managed",
      "type": "aws_iam_role",
      "name": "demo-node",
      "provider": "provider[\"registry.terraform.io/hashicorp/aws\"]",
      "instances": [
        {
          "schema_version": 0,
          "attributes": {
            "arn": "arn:aws:iam::715146130151:role/terraform-eks-demo-node",
            "assume_role_policy": "{\"Version\":\"2012-10-17\",\"Statement\":[{\"Effect\":\"Allow\",\"Principal\":{\"Service\":\"ec2.amazonaws.com\"},\"Action\":\"sts:AssumeRole\"}]}",
            "create_date": "2021-05-18T10:10:16Z",
            "description": "",
            "force_detach_policies": false,
            "id": "terraform-eks-demo-node",
            "inline_policy": [
              {
                "name": "",
                "policy": ""
              }
            ],
            "managed_policy_arns": [],
            "max_session_duration": 3600,
            "name": "terraform-eks-demo-node",
            "name_prefix": null,
            "path": "/",
            "permissions_boundary": null,
            "tags": {
              "Environment": "Dev",
              "Name": "terraform-eks-worker-node-group-iam-role",
              "Owner": "GaneshM",
              "Purpose": "HealthcareAPI Platform"
            },
            "tags_all": {
              "Environment": "Dev",
              "Name": "terraform-eks-worker-node-group-iam-role",
              "Owner": "GaneshM",
              "Purpose": "HealthcareAPI Platform"
            },
            "unique_id": "AROA2NAQH6LTVU2MHFWXW"
          },
          "private": "bnVsbA=="
        }
      ]
    },
    {
      "mode": "managed",
      "type": "aws_iam_role_policy_attachment",
      "name": "ALBIngressControllerIAMPolicy-attachment",
      "provider": "provider[\"registry.terraform.io/hashicorp/aws\"]",
      "instances": [
        {
          "schema_version": 0,
          "attributes": {
            "id": "terraform-eks-demo-node-20210518101020571600000002",
            "policy_arn": "arn:aws:iam::715146130151:policy/ALBIngressControllerIAMPolicy",
            "role": "terraform-eks-demo-node"
          },
          "private": "bnVsbA==",
          "dependencies": [
            "aws_iam_policy.policy",
            "aws_iam_role.demo-node"
          ]
        }
      ]
    },
    {
      "mode": "managed",
      "type": "aws_iam_role_policy_attachment",
      "name": "demo-cluster-AmazonEKSClusterPolicy",
      "provider": "provider[\"registry.terraform.io/hashicorp/aws\"]",
      "instances": [
        {
          "schema_version": 0,
          "attributes": {
            "id": "terraform-eks-demo-cluster-20210518101020627900000006",
            "policy_arn": "arn:aws:iam::aws:policy/AmazonEKSClusterPolicy",
            "role": "terraform-eks-demo-cluster"
          },
          "private": "bnVsbA==",
          "dependencies": [
            "aws_iam_role.demo-cluster"
          ]
        }
      ]
    },
    {
      "mode": "managed",
      "type": "aws_iam_role_policy_attachment",
      "name": "demo-cluster-AmazonEKSServicePolicy",
      "provider": "provider[\"registry.terraform.io/hashicorp/aws\"]",
      "instances": [
        {
          "schema_version": 0,
          "attributes": {
            "id": "terraform-eks-demo-cluster-20210518101020570000000001",
            "policy_arn": "arn:aws:iam::aws:policy/AmazonEKSServicePolicy",
            "role": "terraform-eks-demo-cluster"
          },
          "private": "bnVsbA==",
          "dependencies": [
            "aws_iam_role.demo-cluster"
          ]
        }
      ]
    },
    {
      "mode": "managed",
      "type": "aws_iam_role_policy_attachment",
      "name": "demo-node-AmazonEC2ContainerRegistryReadOnly",
      "provider": "provider[\"registry.terraform.io/hashicorp/aws\"]",
      "instances": [
        {
          "schema_version": 0,
          "attributes": {
            "id": "terraform-eks-demo-node-20210518101020572600000003",
            "policy_arn": "arn:aws:iam::aws:policy/AmazonEC2ContainerRegistryReadOnly",
            "role": "terraform-eks-demo-node"
          },
          "private": "bnVsbA==",
          "dependencies": [
            "aws_iam_role.demo-node"
          ]
        }
      ]
    },
    {
      "mode": "managed",
      "type": "aws_iam_role_policy_attachment",
      "name": "demo-node-AmazonEKSWorkerNodePolicy",
      "provider": "provider[\"registry.terraform.io/hashicorp/aws\"]",
      "instances": [
        {
          "schema_version": 0,
          "attributes": {
            "id": "terraform-eks-demo-node-20210518101020575600000004",
            "policy_arn": "arn:aws:iam::aws:policy/AmazonEKSWorkerNodePolicy",
            "role": "terraform-eks-demo-node"
          },
          "private": "bnVsbA==",
          "dependencies": [
            "aws_iam_role.demo-node"
          ]
        }
      ]
    },
    {
      "mode": "managed",
      "type": "aws_iam_role_policy_attachment",
      "name": "demo-node-AmazonEKS_CNI_Policy",
      "provider": "provider[\"registry.terraform.io/hashicorp/aws\"]",
      "instances": [
        {
          "schema_version": 0,
          "attributes": {
            "id": "terraform-eks-demo-node-20210518101020580600000005",
            "policy_arn": "arn:aws:iam::aws:policy/AmazonEKS_CNI_Policy",
            "role": "terraform-eks-demo-node"
          },
          "private": "bnVsbA==",
          "dependencies": [
            "aws_iam_role.demo-node"
          ]
        }
      ]
    },
    {
      "mode": "managed",
      "type": "aws_internet_gateway",
      "name": "demo",
      "provider": "provider[\"registry.terraform.io/hashicorp/aws\"]",
      "instances": [
        {
          "schema_version": 0,
          "attributes": {
            "arn": "arn:aws:ec2:us-east-1:715146130151:internet-gateway/igw-0f9c9683b9f00464a",
            "id": "igw-0f9c9683b9f00464a",
            "owner_id": "715146130151",
            "tags": {
              "Environment": "Dev",
              "Name": "terraform-eks-internet-gateway",
              "Owner": "GaneshM",
              "Purpose": "HealthcareAPI Platform"
            },
            "tags_all": {
              "Environment": "Dev",
              "Name": "terraform-eks-internet-gateway",
              "Owner": "GaneshM",
              "Purpose": "HealthcareAPI Platform"
            },
            "vpc_id": "vpc-0c915313037b9ee6c"
          },
          "dependencies": [
            "aws_vpc.demo"
          ]
        }
      ]
    },
    {
      "mode": "managed",
      "type": "aws_route_table",
      "name": "demo",
      "provider": "provider[\"registry.terraform.io/hashicorp/aws\"]",
      "instances": [
        {
          "schema_version": 0,
          "attributes": {
            "arn": "arn:aws:ec2:us-east-1:715146130151:route-table/rtb-0ea958b75fd31feb7",
            "id": "rtb-0ea958b75fd31feb7",
            "owner_id": "715146130151",
            "propagating_vgws": [],
            "route": [
              {
                "carrier_gateway_id": "",
                "cidr_block": "0.0.0.0/0",
                "destination_prefix_list_id": "",
                "egress_only_gateway_id": "",
                "gateway_id": "igw-0f9c9683b9f00464a",
                "instance_id": "",
                "ipv6_cidr_block": "",
                "local_gateway_id": "",
                "nat_gateway_id": "",
                "network_interface_id": "",
                "transit_gateway_id": "",
                "vpc_endpoint_id": "",
                "vpc_peering_connection_id": ""
              }
            ],
            "tags": {
              "Environment": "Dev",
              "Name": "terraform-eks-route-table",
              "Owner": "GaneshM",
              "Purpose": "HealthcareAPI Platform"
            },
            "tags_all": {
              "Environment": "Dev",
              "Name": "terraform-eks-route-table",
              "Owner": "GaneshM",
              "Purpose": "HealthcareAPI Platform"
            },
            "vpc_id": "vpc-0c915313037b9ee6c"
          },
          "private": "bnVsbA==",
          "dependencies": [
            "aws_internet_gateway.demo",
            "aws_vpc.demo"
          ]
        }
      ]
    },
    {
      "mode": "managed",
      "type": "aws_route_table_association",
      "name": "demo",
      "provider": "provider[\"registry.terraform.io/hashicorp/aws\"]",
      "instances": [
        {
          "index_key": 0,
          "schema_version": 0,
          "attributes": {
            "gateway_id": null,
            "id": "rtbassoc-083683b32c6c9f2bf",
            "route_table_id": "rtb-0ea958b75fd31feb7",
            "subnet_id": "subnet-09e7b8361edf5442a"
          },
          "private": "bnVsbA==",
          "dependencies": [
            "aws_internet_gateway.demo",
            "aws_route_table.demo",
            "aws_subnet.demo",
            "aws_vpc.demo"
          ]
        },
        {
          "index_key": 1,
          "schema_version": 0,
          "attributes": {
            "gateway_id": null,
            "id": "rtbassoc-065918ff8bb888086",
            "route_table_id": "rtb-0ea958b75fd31feb7",
            "subnet_id": "subnet-0f973dcc9d37afca1"
          },
          "private": "bnVsbA==",
          "dependencies": [
            "aws_internet_gateway.demo",
            "aws_route_table.demo",
            "aws_subnet.demo",
            "aws_vpc.demo"
          ]
        }
      ]
    },
    {
      "mode": "managed",
      "type": "aws_security_group",
      "name": "demo-cluster",
      "provider": "provider[\"registry.terraform.io/hashicorp/aws\"]",
      "instances": [
        {
          "schema_version": 1,
          "attributes": {
            "arn": "arn:aws:ec2:us-east-1:715146130151:security-group/sg-0c1cde469225fb20b",
            "description": "Cluster communication with worker nodes",
            "egress": [
              {
                "cidr_blocks": [
                  "0.0.0.0/0"
                ],
                "description": "",
                "from_port": 0,
                "ipv6_cidr_blocks": [],
                "prefix_list_ids": [],
                "protocol": "-1",
                "security_groups": [],
                "self": false,
                "to_port": 0
              }
            ],
            "id": "sg-0c1cde469225fb20b",
            "ingress": [],
            "name": "terraform-eks-demo-cluster",
            "name_prefix": "",
            "owner_id": "715146130151",
            "revoke_rules_on_delete": false,
            "tags": {
              "Environment": "Dev",
              "Name": "terraform-eks-cluster-security-group",
              "Owner": "GaneshM",
              "Purpose": "HealthcareAPI Platform"
            },
            "tags_all": {
              "Environment": "Dev",
              "Name": "terraform-eks-cluster-security-group",
              "Owner": "GaneshM",
              "Purpose": "HealthcareAPI Platform"
            },
            "timeouts": null,
            "vpc_id": "vpc-0c915313037b9ee6c"
          },
          "private": "eyJlMmJmYjczMC1lY2FhLTExZTYtOGY4OC0zNDM2M2JjN2M0YzAiOnsiY3JlYXRlIjo2MDAwMDAwMDAwMDAsImRlbGV0ZSI6OTAwMDAwMDAwMDAwfSwic2NoZW1hX3ZlcnNpb24iOiIxIn0=",
          "dependencies": [
            "aws_vpc.demo"
          ]
        }
      ]
    },
    {
      "mode": "managed",
      "type": "aws_security_group_rule",
      "name": "demo-cluster-ingress-workstation-https",
      "provider": "provider[\"registry.terraform.io/hashicorp/aws\"]",
      "instances": [
        {
          "schema_version": 2,
          "attributes": {
            "cidr_blocks": [
              "0.0.0.0/0"
            ],
            "description": "Allow workstation to communicate with the cluster API Server",
            "from_port": 443,
            "id": "sgrule-481397626",
            "ipv6_cidr_blocks": null,
            "prefix_list_ids": null,
            "protocol": "tcp",
            "security_group_id": "sg-0c1cde469225fb20b",
            "self": false,
            "source_security_group_id": null,
            "to_port": 443,
            "type": "ingress"
          },
          "private": "eyJzY2hlbWFfdmVyc2lvbiI6IjIifQ==",
          "dependencies": [
            "aws_security_group.demo-cluster",
            "aws_vpc.demo"
          ]
        }
      ]
    },
    {
      "mode": "managed",
      "type": "aws_subnet",
      "name": "demo",
      "provider": "provider[\"registry.terraform.io/hashicorp/aws\"]",
      "instances": [
        {
          "index_key": 0,
          "schema_version": 1,
          "attributes": {
            "arn": "arn:aws:ec2:us-east-1:715146130151:subnet/subnet-09e7b8361edf5442a",
            "assign_ipv6_address_on_creation": false,
            "availability_zone": "us-east-1a",
            "availability_zone_id": "use1-az6",
            "cidr_block": "10.0.0.0/24",
            "customer_owned_ipv4_pool": "",
            "id": "subnet-09e7b8361edf5442a",
            "ipv6_cidr_block": "",
            "ipv6_cidr_block_association_id": "",
            "map_customer_owned_ip_on_launch": false,
            "map_public_ip_on_launch": true,
            "outpost_arn": "",
            "owner_id": "715146130151",
            "tags": {
              "Environment": "Dev",
              "Name": "terraform-eks-subnet",
              "Owner": "GaneshM",
              "Purpose": "HealthcareAPI Platform",
              "kubernetes.io/cluster/eks-terraform": "shared",
              "kubernetes.io/role/elb": "1"
            },
            "tags_all": {
              "Environment": "Dev",
              "Name": "terraform-eks-subnet",
              "Owner": "GaneshM",
              "Purpose": "HealthcareAPI Platform",
              "kubernetes.io/cluster/eks-terraform": "shared",
              "kubernetes.io/role/elb": "1"
            },
            "timeouts": null,
            "vpc_id": "vpc-0c915313037b9ee6c"
          },
          "dependencies": [
            "aws_vpc.demo",
            "data.aws_availability_zones.available"
          ]
        },
        {
          "index_key": 1,
          "schema_version": 1,
          "attributes": {
            "arn": "arn:aws:ec2:us-east-1:715146130151:subnet/subnet-0f973dcc9d37afca1",
            "assign_ipv6_address_on_creation": false,
            "availability_zone": "us-east-1b",
            "availability_zone_id": "use1-az1",
            "cidr_block": "10.0.1.0/24",
            "customer_owned_ipv4_pool": "",
            "id": "subnet-0f973dcc9d37afca1",
            "ipv6_cidr_block": "",
            "ipv6_cidr_block_association_id": "",
            "map_customer_owned_ip_on_launch": false,
            "map_public_ip_on_launch": true,
            "outpost_arn": "",
            "owner_id": "715146130151",
            "tags": {
              "Environment": "Dev",
              "Name": "terraform-eks-subnet",
              "Owner": "GaneshM",
              "Purpose": "HealthcareAPI Platform",
              "kubernetes.io/cluster/eks-terraform": "shared",
              "kubernetes.io/role/elb": "1"
            },
            "tags_all": {
              "Environment": "Dev",
              "Name": "terraform-eks-subnet",
              "Owner": "GaneshM",
              "Purpose": "HealthcareAPI Platform",
              "kubernetes.io/cluster/eks-terraform": "shared",
              "kubernetes.io/role/elb": "1"
            },
            "timeouts": null,
            "vpc_id": "vpc-0c915313037b9ee6c"
          },
          "dependencies": [
            "aws_vpc.demo",
            "data.aws_availability_zones.available"
          ]
        }
      ]
    },
    {
      "mode": "managed",
      "type": "aws_vpc",
      "name": "demo",
      "provider": "provider[\"registry.terraform.io/hashicorp/aws\"]",
      "instances": [
        {
          "schema_version": 1,
          "attributes": {
            "arn": "arn:aws:ec2:us-east-1:715146130151:vpc/vpc-0c915313037b9ee6c",
            "assign_generated_ipv6_cidr_block": false,
            "cidr_block": "10.0.0.0/16",
            "default_network_acl_id": "acl-09c8feb548103b14b",
            "default_route_table_id": "rtb-02593f1d543e4a488",
            "default_security_group_id": "sg-037d2f7eb77c18620",
            "dhcp_options_id": "dopt-92d30df5",
            "enable_classiclink": false,
            "enable_classiclink_dns_support": false,
            "enable_dns_hostnames": false,
            "enable_dns_support": true,
            "id": "vpc-0c915313037b9ee6c",
            "instance_tenancy": "default",
            "ipv6_association_id": "",
            "ipv6_cidr_block": "",
            "main_route_table_id": "rtb-02593f1d543e4a488",
            "owner_id": "715146130151",
            "tags": {
              "Environment": "Dev",
              "Name": "terraform-eks-vpc",
              "Owner": "GaneshM",
              "Purpose": "HealthcareAPI Platform",
              "kubernetes.io/cluster/eks-terraform": "shared"
            },
            "tags_all": {
              "Environment": "Dev",
              "Name": "terraform-eks-vpc",
              "Owner": "GaneshM",
              "Purpose": "HealthcareAPI Platform",
              "kubernetes.io/cluster/eks-terraform": "shared"
            }
          }
        }
      ]
    },
    {
      "mode": "managed",
      "type": "null_resource",
      "name": "localex",
      "provider": "provider[\"registry.terraform.io/hashicorp/null\"]",
      "instances": [
        {
          "schema_version": 0,
          "attributes": {
            "id": "1560017866",
            "triggers": null
          },
          "private": "bnVsbA==",
          "dependencies": [
            "aws_eks_cluster.demo",
            "aws_eks_node_group.demo",
            "aws_iam_role.demo-cluster",
            "aws_iam_role.demo-node",
            "aws_iam_role_policy_attachment.demo-cluster-AmazonEKSClusterPolicy",
            "aws_iam_role_policy_attachment.demo-cluster-AmazonEKSServicePolicy",
            "aws_iam_role_policy_attachment.demo-node-AmazonEC2ContainerRegistryReadOnly",
            "aws_iam_role_policy_attachment.demo-node-AmazonEKSWorkerNodePolicy",
            "aws_iam_role_policy_attachment.demo-node-AmazonEKS_CNI_Policy",
            "aws_security_group.demo-cluster",
            "aws_subnet.demo",
            "aws_vpc.demo"
          ]
        }
      ]
    }
  ]
}
